{
  "lockfileVersion": 1,
  "configVersion": 1,
  "workspaces": {
    "": {
      "name": "dotfiles",
      "dependencies": {
        "date-holidays": "^3.27.0",
      },
      "devDependencies": {
        "@types/bun": "^1.3.12",
      },
    },
  },
  "packages": {
    "@types/bun": ["@types/bun@1.3.12", "", { "dependencies": { "bun-types": "1.3.12" } }, "sha512-DBv81elK+/VSwXHDlnH3Qduw+KxkTIWi7TXkAeh24zpi5l0B2kUg9Ga3tb4nJaPcOFswflgi/yAvMVBPrxMB+A=="],

    "@types/node": ["@types/node@25.6.0", "", { "dependencies": { "undici-types": "~7.19.0" } }, "sha512-+qIYRKdNYJwY3vRCZMdJbPLJAtGjQBudzZzdzwQYkEPQd+PJGixUL5QfvCLDaULoLv+RhT3LDkwEfKaAkgSmNQ=="],

    "argparse": ["argparse@2.0.1", "", {}, "sha512-8+9WqebbFzpX9OR+Wa6O29asIogeRMzcGtAINdpMHHyAg10f05aSFVBbcEqGf/PXw1EjAZ+q2/bEBg3DvurK3Q=="],

    "astronomia": ["astronomia@4.2.0", "", {}, "sha512-mTvpBGyXB80aSsDhAAiuwza5VqAyqmj5yzhjBrFhRy17DcWDzJrb8Vdl4Sm+g276S+mY7bk/5hi6akZ5RQFeHg=="],

    "bun-types": ["bun-types@1.3.12", "", { "dependencies": { "@types/node": "*" } }, "sha512-HqOLj5PoFajAQciOMRiIZGNoKxDJSr6qigAttOX40vJuSp6DN/CxWp9s3C1Xwm4oH7ybueITwiaOcWXoYVoRkA=="],

    "caldate": ["caldate@2.0.5", "", { "dependencies": { "moment-timezone": "^0.5.43" } }, "sha512-JndhrUuDuE975KUhFqJaVR1OQkCHZqpOrJur/CFXEIEhWhBMjxO85cRSK8q4FW+B+yyPq6GYua2u4KvNzTcq0w=="],

    "date-bengali-revised": ["date-bengali-revised@2.0.2", "", {}, "sha512-q9iDru4+TSA9k4zfm0CFHJj6nBsxP7AYgWC/qodK/i7oOIlj5K2z5IcQDtESfs/Qwqt/xJYaP86tkazd/vRptg=="],

    "date-chinese": ["date-chinese@2.1.4", "", { "dependencies": { "astronomia": "^4.1.0" } }, "sha512-WY+6+Qw92ZGWFvGtStmNQHEYpNa87b8IAQ5T8VKt4wqrn24lBXyyBnWI5jAIyy7h/KVwJZ06bD8l/b7yss82Ww=="],

    "date-easter": ["date-easter@1.0.3", "", {}, "sha512-aOViyIgpM4W0OWUiLqivznwTtuMlD/rdUWhc5IatYnplhPiWrLv75cnifaKYhmQwUBLAMWLNG4/9mlLIbXoGBQ=="],

    "date-holidays": ["date-holidays@3.27.0", "", { "dependencies": { "date-holidays-parser": "^3.4.7", "js-yaml": "^4.1.1", "lodash": "^4.17.23", "prepin": "^1.0.3" }, "bin": { "holidays2json": "scripts/holidays2json.cjs" } }, "sha512-yFTDzUEUxo9I8wbgFg5DFxZq08FhSpJ3gGaAulkOhIYogtIFdWjMz44w6RSRwAa4FxGozTWMY/hk+r5PW7KdvQ=="],

    "date-holidays-parser": ["date-holidays-parser@3.4.7", "", { "dependencies": { "astronomia": "^4.1.1", "caldate": "^2.0.5", "date-bengali-revised": "^2.0.2", "date-chinese": "^2.1.4", "date-easter": "^1.0.3", "deepmerge": "^4.3.1", "jalaali-js": "^1.2.7", "moment-timezone": "^0.5.47" } }, "sha512-h09ZEtM6u5cYM6m1bX+1Ny9f+nLO9KVZUKNPEnH7lhbXYTfqZogaGTnhONswGeIJFF91UImIftS3CdM9HLW5oQ=="],

    "deepmerge": ["deepmerge@4.3.1", "", {}, "sha512-3sUqbMEc77XqpdNO7FRyRog+eW3ph+GYCbj+rK+uYyRMuwsVy0rMiVtPn+QJlKFvWP/1PYpapqYn0Me2knFn+A=="],

    "jalaali-js": ["jalaali-js@1.2.8", "", {}, "sha512-Jl/EwY84JwjW2wsWqeU4pNd22VNQ7EkjI36bDuLw31wH98WQW4fPjD0+mG7cdCK+Y8D6s9R3zLiQ3LaKu6bD8A=="],

    "js-yaml": ["js-yaml@4.1.1", "", { "dependencies": { "argparse": "^2.0.1" }, "bin": { "js-yaml": "bin/js-yaml.js" } }, "sha512-qQKT4zQxXl8lLwBtHMWwaTcGfFOZviOJet3Oy/xmGk2gZH677CJM9EvtfdSkgWcATZhj/55JZ0rmy3myCT5lsA=="],

    "lodash": ["lodash@4.18.1", "", {}, "sha512-dMInicTPVE8d1e5otfwmmjlxkZoUpiVLwyeTdUsi/Caj/gfzzblBcCE5sRHV/AsjuCmxWrte2TNGSYuCeCq+0Q=="],

    "moment": ["moment@2.30.1", "", {}, "sha512-uEmtNhbDOrWPFS+hdjFCBfy9f2YoyzRpwcl+DqpC6taX21FzsTLQVbMV/W7PzNSX6x/bhC1zA3c2UQ5NzH6how=="],

    "moment-timezone": ["moment-timezone@0.5.48", "", { "dependencies": { "moment": "^2.29.4" } }, "sha512-f22b8LV1gbTO2ms2j2z13MuPogNoh5UzxL3nzNAYKGraILnbGc9NEE6dyiiiLv46DGRb8A4kg8UKWLjPthxBHw=="],

    "prepin": ["prepin@1.0.3", "", { "bin": { "prepin": "./bin/prepin.js" } }, "sha512-0XL2hreherEEvUy0fiaGEfN/ioXFV+JpImqIzQjxk6iBg4jQ2ARKqvC4+BmRD8w/pnpD+lbxvh0Ub+z7yBEjvA=="],

    "undici-types": ["undici-types@7.19.2", "", {}, "sha512-qYVnV5OEm2AW8cJMCpdV20CDyaN3g0AjDlOGf1OW4iaDEx8MwdtChUp4zu4H0VP3nDRF/8RKWH+IPp9uW0YGZg=="],
  }
}
